
Microsoft Visual Studio Solution File, Format Version 12.00
# Visual Studio Version 16
VisualStudioVersion = 16.0.29324.140
MinimumVisualStudioVersion = 10.0.40219.1
Project("{FAE04EC0-301F-11D3-BF4B-00C04F79EFBC}") = "WorkshopSystem", "WorkshopSystem.csproj", "{F0C018C0-14B9-421A-9030-F7BA5C280D44}"
EndProject
Global
	GlobalSection(SolutionConfigurationPlatforms) = preSolution
		Debug|Any CPU = Debug|Any CPU
		Release|Any CPU = Release|Any CPU
	EndGlobalSection
	GlobalSection(ProjectConfigurationPlatforms) = postSolution
		{F0C018C0-14B9-421A-9030-F7BA5C280D44}.Debug|Any CPU.ActiveCfg = Debug|Any CPU
		{F0C018C0-14B9-421A-9030-F7BA5C280D44}.Debug|Any CPU.Build.0 = Debug|Any CPU
		{F0C018C0-14B9-421A-9030-F7BA5C280D44}.Release|Any CPU.ActiveCfg = Release|Any CPU
		{F0C018C0-14B9-421A-9030-F7BA5C280D44}.Release|Any CPU.Build.0 = Release|Any CPU
	EndGlobalSection
	GlobalSection(SolutionProperties) = preSolution
		HideSolutionNode = FALSE
	EndGlobalSection
	GlobalSection(ExtensibilityGlobals) = postSolution
		SolutionGuid = {4DBDDDA1-26F7-49B5-B7B2-E2B662E47E84}
	EndGlobalSection
EndGlobal
